
Microsoft Visual Studio Solution File, Format Version 12.00
# Visual Studio 15
VisualStudioVersion = 15.0.27703.2026
MinimumVisualStudioVersion = 10.0.40219.1
Project("{FAE04EC0-301F-11D3-BF4B-00C04F79EFBC}") = "WebApplication3", "WebApplication3\WebApplication3.csproj", "{C3F31138-80CE-4155-BD7C-F3E51FED9A6D}"
EndProject
Project("{FAE04EC0-301F-11D3-BF4B-00C04F79EFBC}") = "ServiceLayer", "ServiceLayer\ServiceLayer.csproj", "{7D902B83-06BE-47B2-A6E9-1298FD162D0D}"
EndProject
Global
	GlobalSection(SolutionConfigurationPlatforms) = preSolution
		Debug|Any CPU = Debug|Any CPU
		Release|Any CPU = Release|Any CPU
	EndGlobalSection
	GlobalSection(ProjectConfigurationPlatforms) = postSolution
		{C3F31138-80CE-4155-BD7C-F3E51FED9A6D}.Debug|Any CPU.ActiveCfg = Debug|Any CPU
		{C3F31138-80CE-4155-BD7C-F3E51FED9A6D}.Debug|Any CPU.Build.0 = Debug|Any CPU
		{C3F31138-80CE-4155-BD7C-F3E51FED9A6D}.Release|Any CPU.ActiveCfg = Release|Any CPU
		{C3F31138-80CE-4155-BD7C-F3E51FED9A6D}.Release|Any CPU.Build.0 = Release|Any CPU
		{7D902B83-06BE-47B2-A6E9-1298FD162D0D}.Debug|Any CPU.ActiveCfg = Debug|Any CPU
		{7D902B83-06BE-47B2-A6E9-1298FD162D0D}.Debug|Any CPU.Build.0 = Debug|Any CPU
		{7D902B83-06BE-47B2-A6E9-1298FD162D0D}.Release|Any CPU.ActiveCfg = Release|Any CPU
		{7D902B83-06BE-47B2-A6E9-1298FD162D0D}.Release|Any CPU.Build.0 = Release|Any CPU
	EndGlobalSection
	GlobalSection(SolutionProperties) = preSolution
		HideSolutionNode = FALSE
	EndGlobalSection
	GlobalSection(ExtensibilityGlobals) = postSolution
		SolutionGuid = {F7C43982-F98B-4728-B70A-ABCCECD8AC77}
	EndGlobalSection
EndGlobal
